
Microsoft Visual Studio Solution File, Format Version 12.00
# Visual Studio Version 17
VisualStudioVersion = 17.7.34024.191
MinimumVisualStudioVersion = 10.0.40219.1
Project("{FAE04EC0-301F-11D3-BF4B-00C04F79EFBC}") = "ClassLibrary1", "ClassLibrary1\ClassLibrary1.csproj", "{CFDE0C27-CA27-4A0A-8067-C2078BE0B054}"
EndProject
Project("{FAE04EC0-301F-11D3-BF4B-00C04F79EFBC}") = "ConsoleApp", "ConsoleApp\ConsoleApp.csproj", "{7C251507-C828-482C-BE8D-0861BF2735A2}"
EndProject
Global
	GlobalSection(SolutionConfigurationPlatforms) = preSolution
		Debug|Any CPU = Debug|Any CPU
		Release|Any CPU = Release|Any CPU
	EndGlobalSection
	GlobalSection(ProjectConfigurationPlatforms) = postSolution
		{CFDE0C27-CA27-4A0A-8067-C2078BE0B054}.Debug|Any CPU.ActiveCfg = Debug|Any CPU
		{CFDE0C27-CA27-4A0A-8067-C2078BE0B054}.Debug|Any CPU.Build.0 = Debug|Any CPU
		{CFDE0C27-CA27-4A0A-8067-C2078BE0B054}.Release|Any CPU.ActiveCfg = Release|Any CPU
		{CFDE0C27-CA27-4A0A-8067-C2078BE0B054}.Release|Any CPU.Build.0 = Release|Any CPU
		{7C251507-C828-482C-BE8D-0861BF2735A2}.Debug|Any CPU.ActiveCfg = Debug|Any CPU
		{7C251507-C828-482C-BE8D-0861BF2735A2}.Debug|Any CPU.Build.0 = Debug|Any CPU
		{7C251507-C828-482C-BE8D-0861BF2735A2}.Release|Any CPU.ActiveCfg = Release|Any CPU
		{7C251507-C828-482C-BE8D-0861BF2735A2}.Release|Any CPU.Build.0 = Release|Any CPU
	EndGlobalSection
	GlobalSection(SolutionProperties) = preSolution
		HideSolutionNode = FALSE
	EndGlobalSection
	GlobalSection(ExtensibilityGlobals) = postSolution
		SolutionGuid = {8C4FF6BB-8B91-4685-A10A-18436AEF56B3}
	EndGlobalSection
EndGlobal
